
Microsoft Visual Studio Solution File, Format Version 12.00
# Visual Studio Version 16
VisualStudioVersion = 16.0.31702.278
MinimumVisualStudioVersion = 10.0.40219.1
Project("{FAE04EC0-301F-11D3-BF4B-00C04F79EFBC}") = "NetFrameworkAPI", "NetFrameworkAPI.csproj", "{BC7D0F60-C9B3-414C-8EC1-17334B97002D}"
EndProject
Global
	GlobalSection(SolutionConfigurationPlatforms) = preSolution
		Debug|Any CPU = Debug|Any CPU
		Release|Any CPU = Release|Any CPU
	EndGlobalSection
	GlobalSection(ProjectConfigurationPlatforms) = postSolution
		{BC7D0F60-C9B3-414C-8EC1-17334B97002D}.Debug|Any CPU.ActiveCfg = Debug|Any CPU
		{BC7D0F60-C9B3-414C-8EC1-17334B97002D}.Debug|Any CPU.Build.0 = Debug|Any CPU
		{BC7D0F60-C9B3-414C-8EC1-17334B97002D}.Release|Any CPU.ActiveCfg = Release|Any CPU
		{BC7D0F60-C9B3-414C-8EC1-17334B97002D}.Release|Any CPU.Build.0 = Release|Any CPU
	EndGlobalSection
	GlobalSection(SolutionProperties) = preSolution
		HideSolutionNode = FALSE
	EndGlobalSection
	GlobalSection(ExtensibilityGlobals) = postSolution
		SolutionGuid = {ED48F67A-1431-4F26-B20D-D79375AC82E0}
	EndGlobalSection
EndGlobal
